{
  "name": "workflows",
  "lockfileVersion": 3,
  "requires": true,
  "packages": {
    "": {
      "dependencies": {
        "@vlsi/github-actions-random-matrix": "2.2.0"
      }
    },
    "node_modules/@vlsi/github-actions-random-matrix": {
      "version": "2.2.0",
      "resolved": "https://registry.npmjs.org/@vlsi/github-actions-random-matrix/-/github-actions-random-matrix-2.2.0.tgz",
      "integrity": "sha512-mLfHML4LW7K8uwuYMnXUO46Rr4gahXLQdSzBb1H/hca99vC8BlO14fhtC2+mBXE0mNwQzdJbUf6ZHdxJocj+jg==",
      "license": "Apache-2.0",
      "engines": {
        "node": ">=16"
      }
    }
  }
}
